
Microsoft Visual Studio Solution File, Format Version 12.00
# Visual Studio Version 17
VisualStudioVersion = 17.4.33122.133
MinimumVisualStudioVersion = 10.0.40219.1
Project("{FAE04EC0-301F-11D3-BF4B-00C04F79EFBC}") = "MahasiswaAPI", "MahasiswaAPI.csproj", "{87DE5B27-CCCA-47DA-940F-0E4C4A883E45}"
EndProject
Global
	GlobalSection(SolutionConfigurationPlatforms) = preSolution
		Debug|Any CPU = Debug|Any CPU
		Release|Any CPU = Release|Any CPU
	EndGlobalSection
	GlobalSection(ProjectConfigurationPlatforms) = postSolution
		{87DE5B27-CCCA-47DA-940F-0E4C4A883E45}.Debug|Any CPU.ActiveCfg = Debug|Any CPU
		{87DE5B27-CCCA-47DA-940F-0E4C4A883E45}.Debug|Any CPU.Build.0 = Debug|Any CPU
		{87DE5B27-CCCA-47DA-940F-0E4C4A883E45}.Release|Any CPU.ActiveCfg = Release|Any CPU
		{87DE5B27-CCCA-47DA-940F-0E4C4A883E45}.Release|Any CPU.Build.0 = Release|Any CPU
	EndGlobalSection
	GlobalSection(SolutionProperties) = preSolution
		HideSolutionNode = FALSE
	EndGlobalSection
	GlobalSection(ExtensibilityGlobals) = postSolution
		SolutionGuid = {25DA9958-2A31-44F9-A61D-F94D3E5395F6}
	EndGlobalSection
EndGlobal
